
Microsoft Visual Studio Solution File, Format Version 12.00
# Visual Studio 15
VisualStudioVersion = 15.0.26124.0
MinimumVisualStudioVersion = 15.0.26124.0
Project("{2150E333-8FDC-42A3-9474-1A3956D46DE8}") = "Code", "Code", "{9985FADB-529A-424C-8805-1F4FB87FF8E1}"
EndProject
Project("{FAE04EC0-301F-11D3-BF4B-00C04F79EFBC}") = "backend.Api", "Code\backend.Api\backend.Api.csproj", "{812372B5-FCA1-4B25-864F-06B868C3DC23}"
EndProject
Project("{FAE04EC0-301F-11D3-BF4B-00C04F79EFBC}") = "backend.BusinessEntities", "Code\backend.BusinessEntities\backend.BusinessEntities.csproj", "{66F2B160-48EA-4691-AFC5-D059531877CB}"
EndProject
Project("{FAE04EC0-301F-11D3-BF4B-00C04F79EFBC}") = "backend.BusinessServices", "Code\backend.BusinessServices\backend.BusinessServices.csproj", "{338E0E3B-B897-42CF-AFF7-D2589E9B51A5}"
EndProject
Project("{FAE04EC0-301F-11D3-BF4B-00C04F79EFBC}") = "backend.Contracts", "Code\backend.Contracts\backend.Contracts.csproj", "{B9BB4F10-77F9-4827-A559-8F930BFB92AC}"
EndProject
Project("{FAE04EC0-301F-11D3-BF4B-00C04F79EFBC}") = "backend.Data", "Code\backend.Data\backend.Data.csproj", "{29E5B9FB-7787-496B-9839-B90C8737695F}"
EndProject
Project("{FAE04EC0-301F-11D3-BF4B-00C04F79EFBC}") = "backend.Test.Api", "Code\backend.Test.Api\backend.Test.Api.csproj", "{F7655F2D-0B6F-4D75-AAAC-F1FB7A42B192}"
EndProject
Project("{FAE04EC0-301F-11D3-BF4B-00C04F79EFBC}") = "backend.Test.Business", "Code\backend.Test.Business\backend.Test.Business.csproj", "{F4B2BB77-822F-4BCD-8C34-C4D1B104A7CE}"
EndProject
Project("{FAE04EC0-301F-11D3-BF4B-00C04F79EFBC}") = "backend.Test.Framework", "Code\backend.Test.Framework\backend.Test.Framework.csproj", "{94625925-C82C-4F41-8B59-302969F1E99D}"
EndProject
Project("{2150E333-8FDC-42A3-9474-1A3956D46DE8}") = "Test", "Test", "{306D6609-2110-4E1A-B12A-3DA981ABF9A6}"
EndProject
Global
	GlobalSection(SolutionConfigurationPlatforms) = preSolution
		Debug|Any CPU = Debug|Any CPU
		Debug|x64 = Debug|x64
		Debug|x86 = Debug|x86
		Release|Any CPU = Release|Any CPU
		Release|x64 = Release|x64
		Release|x86 = Release|x86
	EndGlobalSection
	GlobalSection(SolutionProperties) = preSolution
		HideSolutionNode = FALSE
	EndGlobalSection
	GlobalSection(ProjectConfigurationPlatforms) = postSolution
		{812372B5-FCA1-4B25-864F-06B868C3DC23}.Debug|Any CPU.ActiveCfg = Debug|Any CPU
		{812372B5-FCA1-4B25-864F-06B868C3DC23}.Debug|Any CPU.Build.0 = Debug|Any CPU
		{812372B5-FCA1-4B25-864F-06B868C3DC23}.Debug|x64.ActiveCfg = Debug|Any CPU
		{812372B5-FCA1-4B25-864F-06B868C3DC23}.Debug|x64.Build.0 = Debug|Any CPU
		{812372B5-FCA1-4B25-864F-06B868C3DC23}.Debug|x86.ActiveCfg = Debug|Any CPU
		{812372B5-FCA1-4B25-864F-06B868C3DC23}.Debug|x86.Build.0 = Debug|Any CPU
		{812372B5-FCA1-4B25-864F-06B868C3DC23}.Release|Any CPU.ActiveCfg = Release|Any CPU
		{812372B5-FCA1-4B25-864F-06B868C3DC23}.Release|Any CPU.Build.0 = Release|Any CPU
		{812372B5-FCA1-4B25-864F-06B868C3DC23}.Release|x64.ActiveCfg = Release|Any CPU
		{812372B5-FCA1-4B25-864F-06B868C3DC23}.Release|x64.Build.0 = Release|Any CPU
		{812372B5-FCA1-4B25-864F-06B868C3DC23}.Release|x86.ActiveCfg = Release|Any CPU
		{812372B5-FCA1-4B25-864F-06B868C3DC23}.Release|x86.Build.0 = Release|Any CPU
		{66F2B160-48EA-4691-AFC5-D059531877CB}.Debug|Any CPU.ActiveCfg = Debug|Any CPU
		{66F2B160-48EA-4691-AFC5-D059531877CB}.Debug|Any CPU.Build.0 = Debug|Any CPU
		{66F2B160-48EA-4691-AFC5-D059531877CB}.Debug|x64.ActiveCfg = Debug|Any CPU
		{66F2B160-48EA-4691-AFC5-D059531877CB}.Debug|x64.Build.0 = Debug|Any CPU
		{66F2B160-48EA-4691-AFC5-D059531877CB}.Debug|x86.ActiveCfg = Debug|Any CPU
		{66F2B160-48EA-4691-AFC5-D059531877CB}.Debug|x86.Build.0 = Debug|Any CPU
		{66F2B160-48EA-4691-AFC5-D059531877CB}.Release|Any CPU.ActiveCfg = Release|Any CPU
		{66F2B160-48EA-4691-AFC5-D059531877CB}.Release|Any CPU.Build.0 = Release|Any CPU
		{66F2B160-48EA-4691-AFC5-D059531877CB}.Release|x64.ActiveCfg = Release|Any CPU
		{66F2B160-48EA-4691-AFC5-D059531877CB}.Release|x64.Build.0 = Release|Any CPU
		{66F2B160-48EA-4691-AFC5-D059531877CB}.Release|x86.ActiveCfg = Release|Any CPU
		{66F2B160-48EA-4691-AFC5-D059531877CB}.Release|x86.Build.0 = Release|Any CPU
		{338E0E3B-B897-42CF-AFF7-D2589E9B51A5}.Debug|Any CPU.ActiveCfg = Debug|Any CPU
		{338E0E3B-B897-42CF-AFF7-D2589E9B51A5}.Debug|Any CPU.Build.0 = Debug|Any CPU
		{338E0E3B-B897-42CF-AFF7-D2589E9B51A5}.Debug|x64.ActiveCfg = Debug|Any CPU
		{338E0E3B-B897-42CF-AFF7-D2589E9B51A5}.Debug|x64.Build.0 = Debug|Any CPU
		{338E0E3B-B897-42CF-AFF7-D2589E9B51A5}.Debug|x86.ActiveCfg = Debug|Any CPU
		{338E0E3B-B897-42CF-AFF7-D2589E9B51A5}.Debug|x86.Build.0 = Debug|Any CPU
		{338E0E3B-B897-42CF-AFF7-D2589E9B51A5}.Release|Any CPU.ActiveCfg = Release|Any CPU
		{338E0E3B-B897-42CF-AFF7-D2589E9B51A5}.Release|Any CPU.Build.0 = Release|Any CPU
		{338E0E3B-B897-42CF-AFF7-D2589E9B51A5}.Release|x64.ActiveCfg = Release|Any CPU
		{338E0E3B-B897-42CF-AFF7-D2589E9B51A5}.Release|x64.Build.0 = Release|Any CPU
		{338E0E3B-B897-42CF-AFF7-D2589E9B51A5}.Release|x86.ActiveCfg = Release|Any CPU
		{338E0E3B-B897-42CF-AFF7-D2589E9B51A5}.Release|x86.Build.0 = Release|Any CPU
		{B9BB4F10-77F9-4827-A559-8F930BFB92AC}.Debug|Any CPU.ActiveCfg = Debug|Any CPU
		{B9BB4F10-77F9-4827-A559-8F930BFB92AC}.Debug|Any CPU.Build.0 = Debug|Any CPU
		{B9BB4F10-77F9-4827-A559-8F930BFB92AC}.Debug|x64.ActiveCfg = Debug|Any CPU
		{B9BB4F10-77F9-4827-A559-8F930BFB92AC}.Debug|x64.Build.0 = Debug|Any CPU
		{B9BB4F10-77F9-4827-A559-8F930BFB92AC}.Debug|x86.ActiveCfg = Debug|Any CPU
		{B9BB4F10-77F9-4827-A559-8F930BFB92AC}.Debug|x86.Build.0 = Debug|Any CPU
		{B9BB4F10-77F9-4827-A559-8F930BFB92AC}.Release|Any CPU.ActiveCfg = Release|Any CPU
		{B9BB4F10-77F9-4827-A559-8F930BFB92AC}.Release|Any CPU.Build.0 = Release|Any CPU
		{B9BB4F10-77F9-4827-A559-8F930BFB92AC}.Release|x64.ActiveCfg = Release|Any CPU
		{B9BB4F10-77F9-4827-A559-8F930BFB92AC}.Release|x64.Build.0 = Release|Any CPU
		{B9BB4F10-77F9-4827-A559-8F930BFB92AC}.Release|x86.ActiveCfg = Release|Any CPU
		{B9BB4F10-77F9-4827-A559-8F930BFB92AC}.Release|x86.Build.0 = Release|Any CPU
		{29E5B9FB-7787-496B-9839-B90C8737695F}.Debug|Any CPU.ActiveCfg = Debug|Any CPU
		{29E5B9FB-7787-496B-9839-B90C8737695F}.Debug|Any CPU.Build.0 = Debug|Any CPU
		{29E5B9FB-7787-496B-9839-B90C8737695F}.Debug|x64.ActiveCfg = Debug|Any CPU
		{29E5B9FB-7787-496B-9839-B90C8737695F}.Debug|x64.Build.0 = Debug|Any CPU
		{29E5B9FB-7787-496B-9839-B90C8737695F}.Debug|x86.ActiveCfg = Debug|Any CPU
		{29E5B9FB-7787-496B-9839-B90C8737695F}.Debug|x86.Build.0 = Debug|Any CPU
		{29E5B9FB-7787-496B-9839-B90C8737695F}.Release|Any CPU.ActiveCfg = Release|Any CPU
		{29E5B9FB-7787-496B-9839-B90C8737695F}.Release|Any CPU.Build.0 = Release|Any CPU
		{29E5B9FB-7787-496B-9839-B90C8737695F}.Release|x64.ActiveCfg = Release|Any CPU
		{29E5B9FB-7787-496B-9839-B90C8737695F}.Release|x64.Build.0 = Release|Any CPU
		{29E5B9FB-7787-496B-9839-B90C8737695F}.Release|x86.ActiveCfg = Release|Any CPU
		{29E5B9FB-7787-496B-9839-B90C8737695F}.Release|x86.Build.0 = Release|Any CPU
		{F7655F2D-0B6F-4D75-AAAC-F1FB7A42B192}.Debug|Any CPU.ActiveCfg = Debug|Any CPU
		{F7655F2D-0B6F-4D75-AAAC-F1FB7A42B192}.Debug|Any CPU.Build.0 = Debug|Any CPU
		{F7655F2D-0B6F-4D75-AAAC-F1FB7A42B192}.Debug|x64.ActiveCfg = Debug|Any CPU
		{F7655F2D-0B6F-4D75-AAAC-F1FB7A42B192}.Debug|x64.Build.0 = Debug|Any CPU
		{F7655F2D-0B6F-4D75-AAAC-F1FB7A42B192}.Debug|x86.ActiveCfg = Debug|Any CPU
		{F7655F2D-0B6F-4D75-AAAC-F1FB7A42B192}.Debug|x86.Build.0 = Debug|Any CPU
		{F7655F2D-0B6F-4D75-AAAC-F1FB7A42B192}.Release|Any CPU.ActiveCfg = Release|Any CPU
		{F7655F2D-0B6F-4D75-AAAC-F1FB7A42B192}.Release|Any CPU.Build.0 = Release|Any CPU
		{F7655F2D-0B6F-4D75-AAAC-F1FB7A42B192}.Release|x64.ActiveCfg = Release|Any CPU
		{F7655F2D-0B6F-4D75-AAAC-F1FB7A42B192}.Release|x64.Build.0 = Release|Any CPU
		{F7655F2D-0B6F-4D75-AAAC-F1FB7A42B192}.Release|x86.ActiveCfg = Release|Any CPU
		{F7655F2D-0B6F-4D75-AAAC-F1FB7A42B192}.Release|x86.Build.0 = Release|Any CPU
		{F4B2BB77-822F-4BCD-8C34-C4D1B104A7CE}.Debug|Any CPU.ActiveCfg = Debug|Any CPU
		{F4B2BB77-822F-4BCD-8C34-C4D1B104A7CE}.Debug|Any CPU.Build.0 = Debug|Any CPU
		{F4B2BB77-822F-4BCD-8C34-C4D1B104A7CE}.Debug|x64.ActiveCfg = Debug|Any CPU
		{F4B2BB77-822F-4BCD-8C34-C4D1B104A7CE}.Debug|x64.Build.0 = Debug|Any CPU
		{F4B2BB77-822F-4BCD-8C34-C4D1B104A7CE}.Debug|x86.ActiveCfg = Debug|Any CPU
		{F4B2BB77-822F-4BCD-8C34-C4D1B104A7CE}.Debug|x86.Build.0 = Debug|Any CPU
		{F4B2BB77-822F-4BCD-8C34-C4D1B104A7CE}.Release|Any CPU.ActiveCfg = Release|Any CPU
		{F4B2BB77-822F-4BCD-8C34-C4D1B104A7CE}.Release|Any CPU.Build.0 = Release|Any CPU
		{F4B2BB77-822F-4BCD-8C34-C4D1B104A7CE}.Release|x64.ActiveCfg = Release|Any CPU
		{F4B2BB77-822F-4BCD-8C34-C4D1B104A7CE}.Release|x64.Build.0 = Release|Any CPU
		{F4B2BB77-822F-4BCD-8C34-C4D1B104A7CE}.Release|x86.ActiveCfg = Release|Any CPU
		{F4B2BB77-822F-4BCD-8C34-C4D1B104A7CE}.Release|x86.Build.0 = Release|Any CPU
		{94625925-C82C-4F41-8B59-302969F1E99D}.Debug|Any CPU.ActiveCfg = Debug|Any CPU
		{94625925-C82C-4F41-8B59-302969F1E99D}.Debug|Any CPU.Build.0 = Debug|Any CPU
		{94625925-C82C-4F41-8B59-302969F1E99D}.Debug|x64.ActiveCfg = Debug|Any CPU
		{94625925-C82C-4F41-8B59-302969F1E99D}.Debug|x64.Build.0 = Debug|Any CPU
		{94625925-C82C-4F41-8B59-302969F1E99D}.Debug|x86.ActiveCfg = Debug|Any CPU
		{94625925-C82C-4F41-8B59-302969F1E99D}.Debug|x86.Build.0 = Debug|Any CPU
		{94625925-C82C-4F41-8B59-302969F1E99D}.Release|Any CPU.ActiveCfg = Release|Any CPU
		{94625925-C82C-4F41-8B59-302969F1E99D}.Release|Any CPU.Build.0 = Release|Any CPU
		{94625925-C82C-4F41-8B59-302969F1E99D}.Release|x64.ActiveCfg = Release|Any CPU
		{94625925-C82C-4F41-8B59-302969F1E99D}.Release|x64.Build.0 = Release|Any CPU
		{94625925-C82C-4F41-8B59-302969F1E99D}.Release|x86.ActiveCfg = Release|Any CPU
		{94625925-C82C-4F41-8B59-302969F1E99D}.Release|x86.Build.0 = Release|Any CPU
	EndGlobalSection
	GlobalSection(NestedProjects) = preSolution
		{812372B5-FCA1-4B25-864F-06B868C3DC23} = {9985FADB-529A-424C-8805-1F4FB87FF8E1}
		{66F2B160-48EA-4691-AFC5-D059531877CB} = {9985FADB-529A-424C-8805-1F4FB87FF8E1}
		{338E0E3B-B897-42CF-AFF7-D2589E9B51A5} = {9985FADB-529A-424C-8805-1F4FB87FF8E1}
		{B9BB4F10-77F9-4827-A559-8F930BFB92AC} = {9985FADB-529A-424C-8805-1F4FB87FF8E1}
		{29E5B9FB-7787-496B-9839-B90C8737695F} = {9985FADB-529A-424C-8805-1F4FB87FF8E1}
		{F7655F2D-0B6F-4D75-AAAC-F1FB7A42B192} = {306D6609-2110-4E1A-B12A-3DA981ABF9A6}
		{F4B2BB77-822F-4BCD-8C34-C4D1B104A7CE} = {306D6609-2110-4E1A-B12A-3DA981ABF9A6}
		{94625925-C82C-4F41-8B59-302969F1E99D} = {306D6609-2110-4E1A-B12A-3DA981ABF9A6}
	EndGlobalSection
EndGlobal
